{
  "name": "lab03",
  "version": "1.0.0",
  "lockfileVersion": 3,
  "requires": true,
  "packages": {
    "": {
      "name": "lab03",
      "version": "1.0.0",
      "license": "ISC",
      "devDependencies": {
        "nodemon": "^2.0.4"
      }
    }
  },
  "dependencies": {
    "nodemon": {
      "version": "2.0.4",
      "resolved": "https://registry.npmjs.org/nodemon/-/nodemon-2.0.4.tgz",
      "integrity": "sha512-Ltced+hIfTmaS28Zjv1BM552oQ3dbwPqI4+zI0SLgq+wpJhSyqgYude/aZa/3i31VCQWMfXJVxvu86abcam3uQ==",
      "dev": true
    }
  }
}